// !$*UTF8*$!
{
	archiveVersion = 1;
	classes = {
	};
	objectVersion = 50;
	objects = {

/* Begin PBXBuildFile section */
		0E488680A503A4123E9DBD60 /* Pods_Twitter_API.framework in Frameworks */ = {isa = PBXBuildFile; fileRef = 60326CCA0326CA75A3535DFA /* Pods_Twitter_API.framework */; };
		842F9147208C58C200B235EB /* AppDelegate.swift in Sources */ = {isa = PBXBuildFile; fileRef = 842F9146208C58C200B235EB /* AppDelegate.swift */; };
		842F914C208C58C200B235EB /* Main.storyboard in Resources */ = {isa = PBXBuildFile; fileRef = 842F914A208C58C200B235EB /* Main.storyboard */; };
		842F914E208C58C300B235EB /* Assets.xcassets in Resources */ = {isa = PBXBuildFile; fileRef = 842F914D208C58C300B235EB /* Assets.xcassets */; };
		842F9151208C58C300B235EB /* LaunchScreen.storyboard in Resources */ = {isa = PBXBuildFile; fileRef = 842F914F208C58C300B235EB /* LaunchScreen.storyboard */; };
		842F915B208C591A00B235EB /* Login.storyboard in Resources */ = {isa = PBXBuildFile; fileRef = 842F915A208C591A00B235EB /* Login.storyboard */; };
		842F915D208C592B00B235EB /* LoginViewController.swift in Sources */ = {isa = PBXBuildFile; fileRef = 842F915C208C592B00B235EB /* LoginViewController.swift */; };
		842F9160208C707B00B235EB /* Constants.swift in Sources */ = {isa = PBXBuildFile; fileRef = 842F915F208C707B00B235EB /* Constants.swift */; };
		842F9162208C70AC00B235EB /* Extensions.swift in Sources */ = {isa = PBXBuildFile; fileRef = 842F9161208C70AC00B235EB /* Extensions.swift */; };
		842F9164208C735700B235EB /* MainViewController.swift in Sources */ = {isa = PBXBuildFile; fileRef = 842F9163208C735700B235EB /* MainViewController.swift */; };
		844F601D208D87960095AC17 /* Tweet.swift in Sources */ = {isa = PBXBuildFile; fileRef = 844F601C208D87960095AC17 /* Tweet.swift */; };
		844F6020208D87E70095AC17 /* RequestManager.swift in Sources */ = {isa = PBXBuildFile; fileRef = 844F601F208D87E70095AC17 /* RequestManager.swift */; };
		844F6022208D87F20095AC17 /* ServerManager.swift in Sources */ = {isa = PBXBuildFile; fileRef = 844F6021208D87F20095AC17 /* ServerManager.swift */; };
		844F6024208D99FE0095AC17 /* Entities.swift in Sources */ = {isa = PBXBuildFile; fileRef = 844F6023208D99FE0095AC17 /* Entities.swift */; };
		844F6028208DABC80095AC17 /* TweetTableViewCell.swift in Sources */ = {isa = PBXBuildFile; fileRef = 844F6026208DABC80095AC17 /* TweetTableViewCell.swift */; };
		844F6029208DABC80095AC17 /* TweetTableViewCell.xib in Resources */ = {isa = PBXBuildFile; fileRef = 844F6027208DABC80095AC17 /* TweetTableViewCell.xib */; };
		844F602B208DB7B20095AC17 /* User.swift in Sources */ = {isa = PBXBuildFile; fileRef = 844F602A208DB7B20095AC17 /* User.swift */; };
		844F602E208DE6050095AC17 /* Profile.storyboard in Resources */ = {isa = PBXBuildFile; fileRef = 844F602D208DE6050095AC17 /* Profile.storyboard */; };
		844F6030208DE61D0095AC17 /* ProfileViewController.swift in Sources */ = {isa = PBXBuildFile; fileRef = 844F602F208DE61D0095AC17 /* ProfileViewController.swift */; };
		844F6034208DE9960095AC17 /* HeaderTableViewCell.swift in Sources */ = {isa = PBXBuildFile; fileRef = 844F6032208DE9960095AC17 /* HeaderTableViewCell.swift */; };
		844F6035208DE9960095AC17 /* HeaderTableViewCell.xib in Resources */ = {isa = PBXBuildFile; fileRef = 844F6033208DE9960095AC17 /* HeaderTableViewCell.xib */; };
		844F6038208DEB860095AC17 /* BodyTableViewCell.swift in Sources */ = {isa = PBXBuildFile; fileRef = 844F6036208DEB860095AC17 /* BodyTableViewCell.swift */; };
		844F6039208DEB860095AC17 /* BodyTableViewCell.xib in Resources */ = {isa = PBXBuildFile; fileRef = 844F6037208DEB860095AC17 /* BodyTableViewCell.xib */; };
/* End PBXBuildFile section */

/* Begin PBXFileReference section */
		04E5555F33BB666CBF8C5853 /* Pods-Twitter_API.debug.xcconfig */ = {isa = PBXFileReference; includeInIndex = 1; lastKnownFileType = text.xcconfig; name = "Pods-Twitter_API.debug.xcconfig"; path = "Pods/Target Support Files/Pods-Twitter_API/Pods-Twitter_API.debug.xcconfig"; sourceTree = "<group>"; };
		60326CCA0326CA75A3535DFA /* Pods_Twitter_API.framework */ = {isa = PBXFileReference; explicitFileType = wrapper.framework; includeInIndex = 0; path = Pods_Twitter_API.framework; sourceTree = BUILT_PRODUCTS_DIR; };
		842F9143208C58C200B235EB /* Twitter_API.app */ = {isa = PBXFileReference; explicitFileType = wrapper.application; includeInIndex = 0; path = Twitter_API.app; sourceTree = BUILT_PRODUCTS_DIR; };
		842F9146208C58C200B235EB /* AppDelegate.swift */ = {isa = PBXFileReference; lastKnownFileType = sourcecode.swift; path = AppDelegate.swift; sourceTree = "<group>"; };
		842F914B208C58C200B235EB /* Base */ = {isa = PBXFileReference; lastKnownFileType = file.storyboard; name = Base; path = Base.lproj/Main.storyboard; sourceTree = "<group>"; };
		842F914D208C58C300B235EB /* Assets.xcassets */ = {isa = PBXFileReference; lastKnownFileType = folder.assetcatalog; path = Assets.xcassets; sourceTree = "<group>"; };
		842F9150208C58C300B235EB /* Base */ = {isa = PBXFileReference; lastKnownFileType = file.storyboard; name = Base; path = Base.lproj/LaunchScreen.storyboard; sourceTree = "<group>"; };
		842F9152208C58C300B235EB /* Info.plist */ = {isa = PBXFileReference; lastKnownFileType = text.plist.xml; path = Info.plist; sourceTree = "<group>"; };
		842F915A208C591A00B235EB /* Login.storyboard */ = {isa = PBXFileReference; lastKnownFileType = file.storyboard; path = Login.storyboard; sourceTree = "<group>"; };
		842F915C208C592B00B235EB /* LoginViewController.swift */ = {isa = PBXFileReference; lastKnownFileType = sourcecode.swift; path = LoginViewController.swift; sourceTree = "<group>"; };
		842F915F208C707B00B235EB /* Constants.swift */ = {isa = PBXFileReference; lastKnownFileType = sourcecode.swift; path = Constants.swift; sourceTree = "<group>"; };
		842F9161208C70AC00B235EB /* Extensions.swift */ = {isa = PBXFileReference; lastKnownFileType = sourcecode.swift; path = Extensions.swift; sourceTree = "<group>"; };
		842F9163208C735700B235EB /* MainViewController.swift */ = {isa = PBXFileReference; lastKnownFileType = sourcecode.swift; path = MainViewController.swift; sourceTree = "<group>"; };
		844F601C208D87960095AC17 /* Tweet.swift */ = {isa = PBXFileReference; lastKnownFileType = sourcecode.swift; path = Tweet.swift; sourceTree = "<group>"; };
		844F601F208D87E70095AC17 /* RequestManager.swift */ = {isa = PBXFileReference; lastKnownFileType = sourcecode.swift; path = RequestManager.swift; sourceTree = "<group>"; };
		844F6021208D87F20095AC17 /* ServerManager.swift */ = {isa = PBXFileReference; lastKnownFileType = sourcecode.swift; path = ServerManager.swift; sourceTree = "<group>"; };
		844F6023208D99FE0095AC17 /* Entities.swift */ = {isa = PBXFileReference; lastKnownFileType = sourcecode.swift; path = Entities.swift; sourceTree = "<group>"; };
		844F6026208DABC80095AC17 /* TweetTableViewCell.swift */ = {isa = PBXFileReference; lastKnownFileType = sourcecode.swift; path = TweetTableViewCell.swift; sourceTree = "<group>"; };
		844F6027208DABC80095AC17 /* TweetTableViewCell.xib */ = {isa = PBXFileReference; lastKnownFileType = file.xib; path = TweetTableViewCell.xib; sourceTree = "<group>"; };
		844F602A208DB7B20095AC17 /* User.swift */ = {isa = PBXFileReference; lastKnownFileType = sourcecode.swift; path = User.swift; sourceTree = "<group>"; };
		844F602D208DE6050095AC17 /* Profile.storyboard */ = {isa = PBXFileReference; lastKnownFileType = file.storyboard; path = Profile.storyboard; sourceTree = "<group>"; };
		844F602F208DE61D0095AC17 /* ProfileViewController.swift */ = {isa = PBXFileReference; lastKnownFileType = sourcecode.swift; path = ProfileViewController.swift; sourceTree = "<group>"; };
		844F6032208DE9960095AC17 /* HeaderTableViewCell.swift */ = {isa = PBXFileReference; lastKnownFileType = sourcecode.swift; path = HeaderTableViewCell.swift; sourceTree = "<group>"; };
		844F6033208DE9960095AC17 /* HeaderTableViewCell.xib */ = {isa = PBXFileReference; lastKnownFileType = file.xib; path = HeaderTableViewCell.xib; sourceTree = "<group>"; };
		844F6036208DEB860095AC17 /* BodyTableViewCell.swift */ = {isa = PBXFileReference; lastKnownFileType = sourcecode.swift; path = BodyTableViewCell.swift; sourceTree = "<group>"; };
		844F6037208DEB860095AC17 /* BodyTableViewCell.xib */ = {isa = PBXFileReference; lastKnownFileType = file.xib; path = BodyTableViewCell.xib; sourceTree = "<group>"; };
		A07413037F4EE40E23D4C2C0 /* Pods-Twitter_API.release.xcconfig */ = {isa = PBXFileReference; includeInIndex = 1; lastKnownFileType = text.xcconfig; name = "Pods-Twitter_API.release.xcconfig"; path = "Pods/Target Support Files/Pods-Twitter_API/Pods-Twitter_API.release.xcconfig"; sourceTree = "<group>"; };
/* End PBXFileReference section */

/* Begin PBXFrameworksBuildPhase section */
		842F9140208C58C200B235EB /* Frameworks */ = {
			isa = PBXFrameworksBuildPhase;
			buildActionMask = 2147483647;
			files = (
				0E488680A503A4123E9DBD60 /* Pods_Twitter_API.framework in Frameworks */,
			);
			runOnlyForDeploymentPostprocessing = 0;
		};
/* End PBXFrameworksBuildPhase section */

/* Begin PBXGroup section */
		47C4680C171C56739C1683F2 /* Pods */ = {
			isa = PBXGroup;
			children = (
				04E5555F33BB666CBF8C5853 /* Pods-Twitter_API.debug.xcconfig */,
				A07413037F4EE40E23D4C2C0 /* Pods-Twitter_API.release.xcconfig */,
			);
			name = Pods;
			sourceTree = "<group>";
		};
		7C9C7F3F76BE7A5CCC8510F0 /* Frameworks */ = {
			isa = PBXGroup;
			children = (
				60326CCA0326CA75A3535DFA /* Pods_Twitter_API.framework */,
			);
			name = Frameworks;
			sourceTree = "<group>";
		};
		842F913A208C58C200B235EB = {
			isa = PBXGroup;
			children = (
				842F9145208C58C200B235EB /* Twitter_API */,
				842F9144208C58C200B235EB /* Products */,
				47C4680C171C56739C1683F2 /* Pods */,
				7C9C7F3F76BE7A5CCC8510F0 /* Frameworks */,
			);
			sourceTree = "<group>";
		};
		842F9144208C58C200B235EB /* Products */ = {
			isa = PBXGroup;
			children = (
				842F9143208C58C200B235EB /* Twitter_API.app */,
			);
			name = Products;
			sourceTree = "<group>";
		};
		842F9145208C58C200B235EB /* Twitter_API */ = {
			isa = PBXGroup;
			children = (
				844F602C208DE5EE0095AC17 /* Profile */,
				844F601B208D87860095AC17 /* Models */,
				842F915E208C706200B235EB /* SupportingFiles */,
				842F9159208C590700B235EB /* Main */,
				842F9158208C590200B235EB /* Login */,
				842F9146208C58C200B235EB /* AppDelegate.swift */,
				842F914D208C58C300B235EB /* Assets.xcassets */,
				842F914F208C58C300B235EB /* LaunchScreen.storyboard */,
				842F9152208C58C300B235EB /* Info.plist */,
			);
			path = Twitter_API;
			sourceTree = "<group>";
		};
		842F9158208C590200B235EB /* Login */ = {
			isa = PBXGroup;
			children = (
				842F915A208C591A00B235EB /* Login.storyboard */,
				842F915C208C592B00B235EB /* LoginViewController.swift */,
			);
			path = Login;
			sourceTree = "<group>";
		};
		842F9159208C590700B235EB /* Main */ = {
			isa = PBXGroup;
			children = (
				844F6025208DAB640095AC17 /* Cells */,
				842F914A208C58C200B235EB /* Main.storyboard */,
				842F9163208C735700B235EB /* MainViewController.swift */,
			);
			path = Main;
			sourceTree = "<group>";
		};
		842F915E208C706200B235EB /* SupportingFiles */ = {
			isa = PBXGroup;
			children = (
				844F601E208D87D20095AC17 /* Network */,
				842F915F208C707B00B235EB /* Constants.swift */,
				842F9161208C70AC00B235EB /* Extensions.swift */,
			);
			path = SupportingFiles;
			sourceTree = "<group>";
		};
		844F601B208D87860095AC17 /* Models */ = {
			isa = PBXGroup;
			children = (
				844F601C208D87960095AC17 /* Tweet.swift */,
				844F6023208D99FE0095AC17 /* Entities.swift */,
				844F602A208DB7B20095AC17 /* User.swift */,
			);
			path = Models;
			sourceTree = "<group>";
		};
		844F601E208D87D20095AC17 /* Network */ = {
			isa = PBXGroup;
			children = (
				844F601F208D87E70095AC17 /* RequestManager.swift */,
				844F6021208D87F20095AC17 /* ServerManager.swift */,
			);
			path = Network;
			sourceTree = "<group>";
		};
		844F6025208DAB640095AC17 /* Cells */ = {
			isa = PBXGroup;
			children = (
				844F6026208DABC80095AC17 /* TweetTableViewCell.swift */,
				844F6027208DABC80095AC17 /* TweetTableViewCell.xib */,
			);
			path = Cells;
			sourceTree = "<group>";
		};
		844F602C208DE5EE0095AC17 /* Profile */ = {
			isa = PBXGroup;
			children = (
				844F6031208DE97B0095AC17 /* Cells */,
				844F602D208DE6050095AC17 /* Profile.storyboard */,
				844F602F208DE61D0095AC17 /* ProfileViewController.swift */,
			);
			path = Profile;
			sourceTree = "<group>";
		};
		844F6031208DE97B0095AC17 /* Cells */ = {
			isa = PBXGroup;
			children = (
				844F6032208DE9960095AC17 /* HeaderTableViewCell.swift */,
				844F6033208DE9960095AC17 /* HeaderTableViewCell.xib */,
				844F6036208DEB860095AC17 /* BodyTableViewCell.swift */,
				844F6037208DEB860095AC17 /* BodyTableViewCell.xib */,
			);
			path = Cells;
			sourceTree = "<group>";
		};
/* End PBXGroup section */

/* Begin PBXNativeTarget section */
		842F9142208C58C200B235EB /* Twitter_API */ = {
			isa = PBXNativeTarget;
			buildConfigurationList = 842F9155208C58C300B235EB /* Build configuration list for PBXNativeTarget "Twitter_API" */;
			buildPhases = (
				5003A6414BC02C72C6B45877 /* [CP] Check Pods Manifest.lock */,
				842F913F208C58C200B235EB /* Sources */,
				842F9140208C58C200B235EB /* Frameworks */,
				842F9141208C58C200B235EB /* Resources */,
				A38F46CD2288F6FA0F7F5252 /* [CP] Embed Pods Frameworks */,
				289F3EDE19F3F07A619BA91A /* [CP] Copy Pods Resources */,
			);
			buildRules = (
			);
			dependencies = (
			);
			name = Twitter_API;
			productName = Twitter_API;
			productReference = 842F9143208C58C200B235EB /* Twitter_API.app */;
			productType = "com.apple.product-type.application";
		};
/* End PBXNativeTarget section */

/* Begin PBXProject section */
		842F913B208C58C200B235EB /* Project object */ = {
			isa = PBXProject;
			attributes = {
				LastSwiftUpdateCheck = 0930;
				LastUpgradeCheck = 0930;
				ORGANIZATIONNAME = Khasanza;
				TargetAttributes = {
					842F9142208C58C200B235EB = {
						CreatedOnToolsVersion = 9.3;
					};
				};
			};
			buildConfigurationList = 842F913E208C58C200B235EB /* Build configuration list for PBXProject "Twitter_API" */;
			compatibilityVersion = "Xcode 9.3";
			developmentRegion = en;
			hasScannedForEncodings = 0;
			knownRegions = (
				en,
				Base,
			);
			mainGroup = 842F913A208C58C200B235EB;
			productRefGroup = 842F9144208C58C200B235EB /* Products */;
			projectDirPath = "";
			projectRoot = "";
			targets = (
				842F9142208C58C200B235EB /* Twitter_API */,
			);
		};
/* End PBXProject section */

/* Begin PBXResourcesBuildPhase section */
		842F9141208C58C200B235EB /* Resources */ = {
			isa = PBXResourcesBuildPhase;
			buildActionMask = 2147483647;
			files = (
				844F602E208DE6050095AC17 /* Profile.storyboard in Resources */,
				844F6035208DE9960095AC17 /* HeaderTableViewCell.xib in Resources */,
				844F6029208DABC80095AC17 /* TweetTableViewCell.xib in Resources */,
				842F915B208C591A00B235EB /* Login.storyboard in Resources */,
				842F9151208C58C300B235EB /* LaunchScreen.storyboard in Resources */,
				842F914E208C58C300B235EB /* Assets.xcassets in Resources */,
				842F914C208C58C200B235EB /* Main.storyboard in Resources */,
				844F6039208DEB860095AC17 /* BodyTableViewCell.xib in Resources */,
			);
			runOnlyForDeploymentPostprocessing = 0;
		};
/* End PBXResourcesBuildPhase section */

/* Begin PBXShellScriptBuildPhase section */
		289F3EDE19F3F07A619BA91A /* [CP] Copy Pods Resources */ = {
			isa = PBXShellScriptBuildPhase;
			buildActionMask = 2147483647;
			files = (
			);
			inputPaths = (
				"${SRCROOT}/Pods/Target Support Files/Pods-Twitter_API/Pods-Twitter_API-resources.sh",
				"${PODS_ROOT}/TwitterKit/iOS/TwitterKit.framework/TwitterKitResources.bundle",
				"${PODS_ROOT}/TwitterKit/iOS/TwitterKit.framework/TwitterShareExtensionUIResources.bundle",
			);
			name = "[CP] Copy Pods Resources";
			outputPaths = (
				"${TARGET_BUILD_DIR}/${UNLOCALIZED_RESOURCES_FOLDER_PATH}/TwitterKitResources.bundle",
				"${TARGET_BUILD_DIR}/${UNLOCALIZED_RESOURCES_FOLDER_PATH}/TwitterShareExtensionUIResources.bundle",
			);
			runOnlyForDeploymentPostprocessing = 0;
			shellPath = /bin/sh;
			shellScript = "\"${SRCROOT}/Pods/Target Support Files/Pods-Twitter_API/Pods-Twitter_API-resources.sh\"\n";
			showEnvVarsInLog = 0;
		};
		5003A6414BC02C72C6B45877 /* [CP] Check Pods Manifest.lock */ = {
			isa = PBXShellScriptBuildPhase;
			buildActionMask = 2147483647;
			files = (
			);
			inputPaths = (
				"${PODS_PODFILE_DIR_PATH}/Podfile.lock",
				"${PODS_ROOT}/Manifest.lock",
			);
			name = "[CP] Check Pods Manifest.lock";
			outputPaths = (
				"$(DERIVED_FILE_DIR)/Pods-Twitter_API-checkManifestLockResult.txt",
			);
			runOnlyForDeploymentPostprocessing = 0;
			shellPath = /bin/sh;
			shellScript = "diff \"${PODS_PODFILE_DIR_PATH}/Podfile.lock\" \"${PODS_ROOT}/Manifest.lock\" > /dev/null\nif [ $? != 0 ] ; then\n    # print error to STDERR\n    echo \"error: The sandbox is not in sync with the Podfile.lock. Run 'pod install' or update your CocoaPods installation.\" >&2\n    exit 1\nfi\n# This output is used by Xcode 'outputs' to avoid re-running this script phase.\necho \"SUCCESS\" > \"${SCRIPT_OUTPUT_FILE_0}\"\n";
			showEnvVarsInLog = 0;
		};
		A38F46CD2288F6FA0F7F5252 /* [CP] Embed Pods Frameworks */ = {
			isa = PBXShellScriptBuildPhase;
			buildActionMask = 2147483647;
			files = (
			);
			inputPaths = (
				"${SRCROOT}/Pods/Target Support Files/Pods-Twitter_API/Pods-Twitter_API-frameworks.sh",
				"${BUILT_PRODUCTS_DIR}/Kingfisher/Kingfisher.framework",
				"${BUILT_PRODUCTS_DIR}/PullToRefreshKit/PullToRefreshKit.framework",
				"${BUILT_PRODUCTS_DIR}/SwiftyJSON/SwiftyJSON.framework",
				"${PODS_ROOT}/TwitterCore/iOS/TwitterCore.framework",
				"${PODS_ROOT}/TwitterKit/iOS/TwitterKit.framework",
			);
			name = "[CP] Embed Pods Frameworks";
			outputPaths = (
				"${TARGET_BUILD_DIR}/${FRAMEWORKS_FOLDER_PATH}/Kingfisher.framework",
				"${TARGET_BUILD_DIR}/${FRAMEWORKS_FOLDER_PATH}/PullToRefreshKit.framework",
				"${TARGET_BUILD_DIR}/${FRAMEWORKS_FOLDER_PATH}/SwiftyJSON.framework",
				"${TARGET_BUILD_DIR}/${FRAMEWORKS_FOLDER_PATH}/TwitterCore.framework",
				"${TARGET_BUILD_DIR}/${FRAMEWORKS_FOLDER_PATH}/TwitterKit.framework",
			);
			runOnlyForDeploymentPostprocessing = 0;
			shellPath = /bin/sh;
			shellScript = "\"${SRCROOT}/Pods/Target Support Files/Pods-Twitter_API/Pods-Twitter_API-frameworks.sh\"\n";
			showEnvVarsInLog = 0;
		};
/* End PBXShellScriptBuildPhase section */

/* Begin PBXSourcesBuildPhase section */
		842F913F208C58C200B235EB /* Sources */ = {
			isa = PBXSourcesBuildPhase;
			buildActionMask = 2147483647;
			files = (
				844F6022208D87F20095AC17 /* ServerManager.swift in Sources */,
				842F9162208C70AC00B235EB /* Extensions.swift in Sources */,
				842F915D208C592B00B235EB /* LoginViewController.swift in Sources */,
				844F6028208DABC80095AC17 /* TweetTableViewCell.swift in Sources */,
				842F9164208C735700B235EB /* MainViewController.swift in Sources */,
				844F601D208D87960095AC17 /* Tweet.swift in Sources */,
				844F6030208DE61D0095AC17 /* ProfileViewController.swift in Sources */,
				844F6038208DEB860095AC17 /* BodyTableViewCell.swift in Sources */,
				844F6034208DE9960095AC17 /* HeaderTableViewCell.swift in Sources */,
				844F6020208D87E70095AC17 /* RequestManager.swift in Sources */,
				844F6024208D99FE0095AC17 /* Entities.swift in Sources */,
				842F9147208C58C200B235EB /* AppDelegate.swift in Sources */,
				842F9160208C707B00B235EB /* Constants.swift in Sources */,
				844F602B208DB7B20095AC17 /* User.swift in Sources */,
			);
			runOnlyForDeploymentPostprocessing = 0;
		};
/* End PBXSourcesBuildPhase section */

/* Begin PBXVariantGroup section */
		842F914A208C58C200B235EB /* Main.storyboard */ = {
			isa = PBXVariantGroup;
			children = (
				842F914B208C58C200B235EB /* Base */,
			);
			name = Main.storyboard;
			sourceTree = "<group>";
		};
		842F914F208C58C300B235EB /* LaunchScreen.storyboard */ = {
			isa = PBXVariantGroup;
			children = (
				842F9150208C58C300B235EB /* Base */,
			);
			name = LaunchScreen.storyboard;
			sourceTree = "<group>";
		};
/* End PBXVariantGroup section */

/* Begin XCBuildConfiguration section */
		842F9153208C58C300B235EB /* Debug */ = {
			isa = XCBuildConfiguration;
			buildSettings = {
				ALWAYS_SEARCH_USER_PATHS = NO;
				CLANG_ANALYZER_NONNULL = YES;
				CLANG_ANALYZER_NUMBER_OBJECT_CONVERSION = YES_AGGRESSIVE;
				CLANG_CXX_LANGUAGE_STANDARD = "gnu++14";
				CLANG_CXX_LIBRARY = "libc++";
				CLANG_ENABLE_MODULES = YES;
				CLANG_ENABLE_OBJC_ARC = YES;
				CLANG_ENABLE_OBJC_WEAK = YES;
				CLANG_WARN_BLOCK_CAPTURE_AUTORELEASING = YES;
				CLANG_WARN_BOOL_CONVERSION = YES;
				CLANG_WARN_COMMA = YES;
				CLANG_WARN_CONSTANT_CONVERSION = YES;
				CLANG_WARN_DEPRECATED_OBJC_IMPLEMENTATIONS = YES;
				CLANG_WARN_DIRECT_OBJC_ISA_USAGE = YES_ERROR;
				CLANG_WARN_DOCUMENTATION_COMMENTS = YES;
				CLANG_WARN_EMPTY_BODY = YES;
				CLANG_WARN_ENUM_CONVERSION = YES;
				CLANG_WARN_INFINITE_RECURSION = YES;
				CLANG_WARN_INT_CONVERSION = YES;
				CLANG_WARN_NON_LITERAL_NULL_CONVERSION = YES;
				CLANG_WARN_OBJC_IMPLICIT_RETAIN_SELF = YES;
				CLANG_WARN_OBJC_LITERAL_CONVERSION = YES;
				CLANG_WARN_OBJC_ROOT_CLASS = YES_ERROR;
				CLANG_WARN_RANGE_LOOP_ANALYSIS = YES;
				CLANG_WARN_STRICT_PROTOTYPES = YES;
				CLANG_WARN_SUSPICIOUS_MOVE = YES;
				CLANG_WARN_UNGUARDED_AVAILABILITY = YES_AGGRESSIVE;
				CLANG_WARN_UNREACHABLE_CODE = YES;
				CLANG_WARN__DUPLICATE_METHOD_MATCH = YES;
				CODE_SIGN_IDENTITY = "iPhone Developer";
				COPY_PHASE_STRIP = NO;
				DEBUG_INFORMATION_FORMAT = dwarf;
				ENABLE_STRICT_OBJC_MSGSEND = YES;
				ENABLE_TESTABILITY = YES;
				GCC_C_LANGUAGE_STANDARD = gnu11;
				GCC_DYNAMIC_NO_PIC = NO;
				GCC_NO_COMMON_BLOCKS = YES;
				GCC_OPTIMIZATION_LEVEL = 0;
				GCC_PREPROCESSOR_DEFINITIONS = (
					"DEBUG=1",
					"$(inherited)",
				);
				GCC_WARN_64_TO_32_BIT_CONVERSION = YES;
				GCC_WARN_ABOUT_RETURN_TYPE = YES_ERROR;
				GCC_WARN_UNDECLARED_SELECTOR = YES;
				GCC_WARN_UNINITIALIZED_AUTOS = YES_AGGRESSIVE;
				GCC_WARN_UNUSED_FUNCTION = YES;
				GCC_WARN_UNUSED_VARIABLE = YES;
				IPHONEOS_DEPLOYMENT_TARGET = 11.3;
				MTL_ENABLE_DEBUG_INFO = YES;
				ONLY_ACTIVE_ARCH = YES;
				SDKROOT = iphoneos;
				SWIFT_ACTIVE_COMPILATION_CONDITIONS = DEBUG;
				SWIFT_OPTIMIZATION_LEVEL = "-Onone";
			};
			name = Debug;
		};
		842F9154208C58C300B235EB /* Release */ = {
			isa = XCBuildConfiguration;
			buildSettings = {
				ALWAYS_SEARCH_USER_PATHS = NO;
				CLANG_ANALYZER_NONNULL = YES;
				CLANG_ANALYZER_NUMBER_OBJECT_CONVERSION = YES_AGGRESSIVE;
				CLANG_CXX_LANGUAGE_STANDARD = "gnu++14";
				CLANG_CXX_LIBRARY = "libc++";
				CLANG_ENABLE_MODULES = YES;
				CLANG_ENABLE_OBJC_ARC = YES;
				CLANG_ENABLE_OBJC_WEAK = YES;
				CLANG_WARN_BLOCK_CAPTURE_AUTORELEASING = YES;
				CLANG_WARN_BOOL_CONVERSION = YES;
				CLANG_WARN_COMMA = YES;
				CLANG_WARN_CONSTANT_CONVERSION = YES;
				CLANG_WARN_DEPRECATED_OBJC_IMPLEMENTATIONS = YES;
				CLANG_WARN_DIRECT_OBJC_ISA_USAGE = YES_ERROR;
				CLANG_WARN_DOCUMENTATION_COMMENTS = YES;
				CLANG_WARN_EMPTY_BODY = YES;
				CLANG_WARN_ENUM_CONVERSION = YES;
				CLANG_WARN_INFINITE_RECURSION = YES;
				CLANG_WARN_INT_CONVERSION = YES;
				CLANG_WARN_NON_LITERAL_NULL_CONVERSION = YES;
				CLANG_WARN_OBJC_IMPLICIT_RETAIN_SELF = YES;
				CLANG_WARN_OBJC_LITERAL_CONVERSION = YES;
				CLANG_WARN_OBJC_ROOT_CLASS = YES_ERROR;
				CLANG_WARN_RANGE_LOOP_ANALYSIS = YES;
				CLANG_WARN_STRICT_PROTOTYPES = YES;
				CLANG_WARN_SUSPICIOUS_MOVE = YES;
				CLANG_WARN_UNGUARDED_AVAILABILITY = YES_AGGRESSIVE;
				CLANG_WARN_UNREACHABLE_CODE = YES;
				CLANG_WARN__DUPLICATE_METHOD_MATCH = YES;
				CODE_SIGN_IDENTITY = "iPhone Developer";
				COPY_PHASE_STRIP = NO;
				DEBUG_INFORMATION_FORMAT = "dwarf-with-dsym";
				ENABLE_NS_ASSERTIONS = NO;
				ENABLE_STRICT_OBJC_MSGSEND = YES;
				GCC_C_LANGUAGE_STANDARD = gnu11;
				GCC_NO_COMMON_BLOCKS = YES;
				GCC_WARN_64_TO_32_BIT_CONVERSION = YES;
				GCC_WARN_ABOUT_RETURN_TYPE = YES_ERROR;
				GCC_WARN_UNDECLARED_SELECTOR = YES;
				GCC_WARN_UNINITIALIZED_AUTOS = YES_AGGRESSIVE;
				GCC_WARN_UNUSED_FUNCTION = YES;
				GCC_WARN_UNUSED_VARIABLE = YES;
				IPHONEOS_DEPLOYMENT_TARGET = 11.3;
				MTL_ENABLE_DEBUG_INFO = NO;
				SDKROOT = iphoneos;
				SWIFT_COMPILATION_MODE = wholemodule;
				SWIFT_OPTIMIZATION_LEVEL = "-O";
				VALIDATE_PRODUCT = YES;
			};
			name = Release;
		};
		842F9156208C58C300B235EB /* Debug */ = {
			isa = XCBuildConfiguration;
			baseConfigurationReference = 04E5555F33BB666CBF8C5853 /* Pods-Twitter_API.debug.xcconfig */;
			buildSettings = {
				ASSETCATALOG_COMPILER_APPICON_NAME = AppIcon;
				CODE_SIGN_STYLE = Automatic;
				DEVELOPMENT_TEAM = E3ZV847C68;
				INFOPLIST_FILE = Twitter_API/Info.plist;
				IPHONEOS_DEPLOYMENT_TARGET = 9.0;
				LD_RUNPATH_SEARCH_PATHS = "$(inherited) @executable_path/Frameworks";
				PRODUCT_BUNDLE_IDENTIFIER = "com.khasanza.Twitter-API";
				PRODUCT_NAME = "$(TARGET_NAME)";
				SWIFT_VERSION = 4.0;
				TARGETED_DEVICE_FAMILY = "1,2";
			};
			name = Debug;
		};
		842F9157208C58C300B235EB /* Release */ = {
			isa = XCBuildConfiguration;
			baseConfigurationReference = A07413037F4EE40E23D4C2C0 /* Pods-Twitter_API.release.xcconfig */;
			buildSettings = {
				ASSETCATALOG_COMPILER_APPICON_NAME = AppIcon;
				CODE_SIGN_STYLE = Automatic;
				DEVELOPMENT_TEAM = E3ZV847C68;
				INFOPLIST_FILE = Twitter_API/Info.plist;
				IPHONEOS_DEPLOYMENT_TARGET = 9.0;
				LD_RUNPATH_SEARCH_PATHS = "$(inherited) @executable_path/Frameworks";
				PRODUCT_BUNDLE_IDENTIFIER = "com.khasanza.Twitter-API";
				PRODUCT_NAME = "$(TARGET_NAME)";
				SWIFT_VERSION = 4.0;
				TARGETED_DEVICE_FAMILY = "1,2";
			};
			name = Release;
		};
/* End XCBuildConfiguration section */

/* Begin XCConfigurationList section */
		842F913E208C58C200B235EB /* Build configuration list for PBXProject "Twitter_API" */ = {
			isa = XCConfigurationList;
			buildConfigurations = (
				842F9153208C58C300B235EB /* Debug */,
				842F9154208C58C300B235EB /* Release */,
			);
			defaultConfigurationIsVisible = 0;
			defaultConfigurationName = Release;
		};
		842F9155208C58C300B235EB /* Build configuration list for PBXNativeTarget "Twitter_API" */ = {
			isa = XCConfigurationList;
			buildConfigurations = (
				842F9156208C58C300B235EB /* Debug */,
				842F9157208C58C300B235EB /* Release */,
			);
			defaultConfigurationIsVisible = 0;
			defaultConfigurationName = Release;
		};
/* End XCConfigurationList section */
	};
	rootObject = 842F913B208C58C200B235EB /* Project object */;
}
